name: Temporary Vitest plugin lockfile

on:
  push:
    branches: [chore/migrate-cloudflare-vitest-plugin]

permissions:
  contents: read

defaults:
  run:
    working-directory: backend

jobs:
  generate:
    runs-on: ubuntu-slim
    timeout-minutes: 20
    steps:
      - name: Checkout
        uses: actions/checkout@v7
        with:
          persist-credentials: false

      - name: Set up Node.js
        uses: actions/setup-node@v7
        with:
          node-version: "24"
          cache: npm
          cache-dependency-path: backend/package-lock.json

      - name: Regenerate lockfile
        run: npm install --package-lock-only --ignore-scripts

      - name: Verify clean install
        run: npm ci

      - name: Check generated types
        run: npx wrangler types

      - name: Typecheck
        run: npm run typecheck

      - name: Test
        run: npm test

      - name: Upload regenerated lockfile
        uses: actions/upload-artifact@v7
        with:
          name: vitest-plugin-lockfile
          path: backend/package-lock.json
          if-no-files-found: error
